
Microsoft Visual Studio Solution File, Format Version 12.00
# Visual Studio 15
VisualStudioVersion = 15.0.26124.0
MinimumVisualStudioVersion = 15.0.26124.0
Project("{2150E333-8FDC-42A3-9474-1A3956D46DE8}") = "src", "src", "{8A8AAD6A-8536-4A39-9735-B8D5E36788C7}"
EndProject
Project("{FAE04EC0-301F-11D3-BF4B-00C04F79EFBC}") = "das.sfa.tools.AnalayseErrorQueues.console", "src\das.sfa.tools.AnalayseErrorQueues.console\das.sfa.tools.AnalayseErrorQueues.console.csproj", "{F0C81FEA-7DDC-4C1E-9E41-9E00ED28D958}"
EndProject
Project("{FAE04EC0-301F-11D3-BF4B-00C04F79EFBC}") = "das.sfa.tools.AnalayseErrorQueues.domain", "src\das.sfa.tools.AnalayseErrorQueues.domain\das.sfa.tools.AnalayseErrorQueues.domain.csproj", "{DC8CC90C-6713-4E34-9116-2648B9D858D4}"
EndProject
Project("{FAE04EC0-301F-11D3-BF4B-00C04F79EFBC}") = "das.sfa.tools.AnalayseErrorQueues.Engine", "src\das.sfa.tools.AnalayseErrorQueues.Engine\das.sfa.tools.AnalayseErrorQueues.Engine.csproj", "{8D9982A2-8498-4F1A-8FFE-6C4B5484C1E6}"
EndProject
Project("{FAE04EC0-301F-11D3-BF4B-00C04F79EFBC}") = "das.sfa.tools.AnalayseErrorQueues.services", "src\das.sfa.tools.AnalayseErrorQueues.services\das.sfa.tools.AnalayseErrorQueues.services.csproj", "{A1B91A95-286D-4419-9CC7-79D0E86A6C26}"
EndProject
Global
	GlobalSection(SolutionConfigurationPlatforms) = preSolution
		Debug|Any CPU = Debug|Any CPU
		Debug|x64 = Debug|x64
		Debug|x86 = Debug|x86
		Release|Any CPU = Release|Any CPU
		Release|x64 = Release|x64
		Release|x86 = Release|x86
	EndGlobalSection
	GlobalSection(SolutionProperties) = preSolution
		HideSolutionNode = FALSE
	EndGlobalSection
	GlobalSection(ProjectConfigurationPlatforms) = postSolution
		{F0C81FEA-7DDC-4C1E-9E41-9E00ED28D958}.Debug|Any CPU.ActiveCfg = Debug|Any CPU
		{F0C81FEA-7DDC-4C1E-9E41-9E00ED28D958}.Debug|Any CPU.Build.0 = Debug|Any CPU
		{F0C81FEA-7DDC-4C1E-9E41-9E00ED28D958}.Debug|x64.ActiveCfg = Debug|Any CPU
		{F0C81FEA-7DDC-4C1E-9E41-9E00ED28D958}.Debug|x64.Build.0 = Debug|Any CPU
		{F0C81FEA-7DDC-4C1E-9E41-9E00ED28D958}.Debug|x86.ActiveCfg = Debug|Any CPU
		{F0C81FEA-7DDC-4C1E-9E41-9E00ED28D958}.Debug|x86.Build.0 = Debug|Any CPU
		{F0C81FEA-7DDC-4C1E-9E41-9E00ED28D958}.Release|Any CPU.ActiveCfg = Release|Any CPU
		{F0C81FEA-7DDC-4C1E-9E41-9E00ED28D958}.Release|Any CPU.Build.0 = Release|Any CPU
		{F0C81FEA-7DDC-4C1E-9E41-9E00ED28D958}.Release|x64.ActiveCfg = Release|Any CPU
		{F0C81FEA-7DDC-4C1E-9E41-9E00ED28D958}.Release|x64.Build.0 = Release|Any CPU
		{F0C81FEA-7DDC-4C1E-9E41-9E00ED28D958}.Release|x86.ActiveCfg = Release|Any CPU
		{F0C81FEA-7DDC-4C1E-9E41-9E00ED28D958}.Release|x86.Build.0 = Release|Any CPU
		{DC8CC90C-6713-4E34-9116-2648B9D858D4}.Debug|Any CPU.ActiveCfg = Debug|Any CPU
		{DC8CC90C-6713-4E34-9116-2648B9D858D4}.Debug|Any CPU.Build.0 = Debug|Any CPU
		{DC8CC90C-6713-4E34-9116-2648B9D858D4}.Debug|x64.ActiveCfg = Debug|Any CPU
		{DC8CC90C-6713-4E34-9116-2648B9D858D4}.Debug|x64.Build.0 = Debug|Any CPU
		{DC8CC90C-6713-4E34-9116-2648B9D858D4}.Debug|x86.ActiveCfg = Debug|Any CPU
		{DC8CC90C-6713-4E34-9116-2648B9D858D4}.Debug|x86.Build.0 = Debug|Any CPU
		{DC8CC90C-6713-4E34-9116-2648B9D858D4}.Release|Any CPU.ActiveCfg = Release|Any CPU
		{DC8CC90C-6713-4E34-9116-2648B9D858D4}.Release|Any CPU.Build.0 = Release|Any CPU
		{DC8CC90C-6713-4E34-9116-2648B9D858D4}.Release|x64.ActiveCfg = Release|Any CPU
		{DC8CC90C-6713-4E34-9116-2648B9D858D4}.Release|x64.Build.0 = Release|Any CPU
		{DC8CC90C-6713-4E34-9116-2648B9D858D4}.Release|x86.ActiveCfg = Release|Any CPU
		{DC8CC90C-6713-4E34-9116-2648B9D858D4}.Release|x86.Build.0 = Release|Any CPU
		{8D9982A2-8498-4F1A-8FFE-6C4B5484C1E6}.Debug|Any CPU.ActiveCfg = Debug|Any CPU
		{8D9982A2-8498-4F1A-8FFE-6C4B5484C1E6}.Debug|Any CPU.Build.0 = Debug|Any CPU
		{8D9982A2-8498-4F1A-8FFE-6C4B5484C1E6}.Debug|x64.ActiveCfg = Debug|Any CPU
		{8D9982A2-8498-4F1A-8FFE-6C4B5484C1E6}.Debug|x64.Build.0 = Debug|Any CPU
		{8D9982A2-8498-4F1A-8FFE-6C4B5484C1E6}.Debug|x86.ActiveCfg = Debug|Any CPU
		{8D9982A2-8498-4F1A-8FFE-6C4B5484C1E6}.Debug|x86.Build.0 = Debug|Any CPU
		{8D9982A2-8498-4F1A-8FFE-6C4B5484C1E6}.Release|Any CPU.ActiveCfg = Release|Any CPU
		{8D9982A2-8498-4F1A-8FFE-6C4B5484C1E6}.Release|Any CPU.Build.0 = Release|Any CPU
		{8D9982A2-8498-4F1A-8FFE-6C4B5484C1E6}.Release|x64.ActiveCfg = Release|Any CPU
		{8D9982A2-8498-4F1A-8FFE-6C4B5484C1E6}.Release|x64.Build.0 = Release|Any CPU
		{8D9982A2-8498-4F1A-8FFE-6C4B5484C1E6}.Release|x86.ActiveCfg = Release|Any CPU
		{8D9982A2-8498-4F1A-8FFE-6C4B5484C1E6}.Release|x86.Build.0 = Release|Any CPU
		{A1B91A95-286D-4419-9CC7-79D0E86A6C26}.Debug|Any CPU.ActiveCfg = Debug|Any CPU
		{A1B91A95-286D-4419-9CC7-79D0E86A6C26}.Debug|Any CPU.Build.0 = Debug|Any CPU
		{A1B91A95-286D-4419-9CC7-79D0E86A6C26}.Debug|x64.ActiveCfg = Debug|Any CPU
		{A1B91A95-286D-4419-9CC7-79D0E86A6C26}.Debug|x64.Build.0 = Debug|Any CPU
		{A1B91A95-286D-4419-9CC7-79D0E86A6C26}.Debug|x86.ActiveCfg = Debug|Any CPU
		{A1B91A95-286D-4419-9CC7-79D0E86A6C26}.Debug|x86.Build.0 = Debug|Any CPU
		{A1B91A95-286D-4419-9CC7-79D0E86A6C26}.Release|Any CPU.ActiveCfg = Release|Any CPU
		{A1B91A95-286D-4419-9CC7-79D0E86A6C26}.Release|Any CPU.Build.0 = Release|Any CPU
		{A1B91A95-286D-4419-9CC7-79D0E86A6C26}.Release|x64.ActiveCfg = Release|Any CPU
		{A1B91A95-286D-4419-9CC7-79D0E86A6C26}.Release|x64.Build.0 = Release|Any CPU
		{A1B91A95-286D-4419-9CC7-79D0E86A6C26}.Release|x86.ActiveCfg = Release|Any CPU
		{A1B91A95-286D-4419-9CC7-79D0E86A6C26}.Release|x86.Build.0 = Release|Any CPU
	EndGlobalSection
	GlobalSection(NestedProjects) = preSolution
		{F0C81FEA-7DDC-4C1E-9E41-9E00ED28D958} = {8A8AAD6A-8536-4A39-9735-B8D5E36788C7}
		{DC8CC90C-6713-4E34-9116-2648B9D858D4} = {8A8AAD6A-8536-4A39-9735-B8D5E36788C7}
		{8D9982A2-8498-4F1A-8FFE-6C4B5484C1E6} = {8A8AAD6A-8536-4A39-9735-B8D5E36788C7}
		{A1B91A95-286D-4419-9CC7-79D0E86A6C26} = {8A8AAD6A-8536-4A39-9735-B8D5E36788C7}
	EndGlobalSection
EndGlobal
