
Microsoft Visual Studio Solution File, Format Version 12.00
# Visual Studio 15
VisualStudioVersion = 15.0.26124.0
MinimumVisualStudioVersion = 15.0.26124.0
Project("{FAE04EC0-301F-11D3-BF4B-00C04F79EFBC}") = "SFA.DAS.Tools.AnalyseErrorQueues.Console", "SFA.DAS.Tools.AnalyseErrorQueues.Console\SFA.DAS.Tools.AnalyseErrorQueues.Console.csproj", "{BD4F1978-191E-4D46-92C0-54CC76C3E630}"
EndProject
Project("{FAE04EC0-301F-11D3-BF4B-00C04F79EFBC}") = "SFA.DAS.Tools.AnalyseErrorQueues.Domain", "SFA.DAS.Tools.AnalyseErrorQueues.Domain\SFA.DAS.Tools.AnalyseErrorQueues.Domain.csproj", "{26490633-F4B2-497E-BC90-DC24759602D3}"
EndProject
Project("{FAE04EC0-301F-11D3-BF4B-00C04F79EFBC}") = "SFA.DAS.Tools.AnalyseErrorQueues.Engine", "SFA.DAS.Tools.AnalyseErrorQueues.Engine\SFA.DAS.Tools.AnalyseErrorQueues.Engine.csproj", "{CAD7CF9B-2623-43D3-9900-2FD273B04417}"
EndProject
Project("{FAE04EC0-301F-11D3-BF4B-00C04F79EFBC}") = "SFA.DAS.Tools.AnalyseErrorQueues.Functions", "SFA.DAS.Tools.AnalyseErrorQueues.Functions\SFA.DAS.Tools.AnalyseErrorQueues.Functions.csproj", "{C4B14276-E1CD-4097-BBB0-C28E3C85CD61}"
EndProject
Project("{FAE04EC0-301F-11D3-BF4B-00C04F79EFBC}") = "SFA.DAS.Tools.AnalyseErrorQueues.Services", "SFA.DAS.Tools.AnalyseErrorQueues.Services\SFA.DAS.Tools.AnalyseErrorQueues.Services.csproj", "{D3FDE3CB-6020-4B8F-A757-A66733951309}"
EndProject
Global
	GlobalSection(SolutionConfigurationPlatforms) = preSolution
		Debug|Any CPU = Debug|Any CPU
		Debug|x64 = Debug|x64
		Debug|x86 = Debug|x86
		Release|Any CPU = Release|Any CPU
		Release|x64 = Release|x64
		Release|x86 = Release|x86
	EndGlobalSection
	GlobalSection(SolutionProperties) = preSolution
		HideSolutionNode = FALSE
	EndGlobalSection
	GlobalSection(ProjectConfigurationPlatforms) = postSolution
		{BD4F1978-191E-4D46-92C0-54CC76C3E630}.Debug|Any CPU.ActiveCfg = Debug|Any CPU
		{BD4F1978-191E-4D46-92C0-54CC76C3E630}.Debug|Any CPU.Build.0 = Debug|Any CPU
		{BD4F1978-191E-4D46-92C0-54CC76C3E630}.Debug|x64.ActiveCfg = Debug|Any CPU
		{BD4F1978-191E-4D46-92C0-54CC76C3E630}.Debug|x64.Build.0 = Debug|Any CPU
		{BD4F1978-191E-4D46-92C0-54CC76C3E630}.Debug|x86.ActiveCfg = Debug|Any CPU
		{BD4F1978-191E-4D46-92C0-54CC76C3E630}.Debug|x86.Build.0 = Debug|Any CPU
		{BD4F1978-191E-4D46-92C0-54CC76C3E630}.Release|Any CPU.ActiveCfg = Release|Any CPU
		{BD4F1978-191E-4D46-92C0-54CC76C3E630}.Release|Any CPU.Build.0 = Release|Any CPU
		{BD4F1978-191E-4D46-92C0-54CC76C3E630}.Release|x64.ActiveCfg = Release|Any CPU
		{BD4F1978-191E-4D46-92C0-54CC76C3E630}.Release|x64.Build.0 = Release|Any CPU
		{BD4F1978-191E-4D46-92C0-54CC76C3E630}.Release|x86.ActiveCfg = Release|Any CPU
		{BD4F1978-191E-4D46-92C0-54CC76C3E630}.Release|x86.Build.0 = Release|Any CPU
		{26490633-F4B2-497E-BC90-DC24759602D3}.Debug|Any CPU.ActiveCfg = Debug|Any CPU
		{26490633-F4B2-497E-BC90-DC24759602D3}.Debug|Any CPU.Build.0 = Debug|Any CPU
		{26490633-F4B2-497E-BC90-DC24759602D3}.Debug|x64.ActiveCfg = Debug|Any CPU
		{26490633-F4B2-497E-BC90-DC24759602D3}.Debug|x64.Build.0 = Debug|Any CPU
		{26490633-F4B2-497E-BC90-DC24759602D3}.Debug|x86.ActiveCfg = Debug|Any CPU
		{26490633-F4B2-497E-BC90-DC24759602D3}.Debug|x86.Build.0 = Debug|Any CPU
		{26490633-F4B2-497E-BC90-DC24759602D3}.Release|Any CPU.ActiveCfg = Release|Any CPU
		{26490633-F4B2-497E-BC90-DC24759602D3}.Release|Any CPU.Build.0 = Release|Any CPU
		{26490633-F4B2-497E-BC90-DC24759602D3}.Release|x64.ActiveCfg = Release|Any CPU
		{26490633-F4B2-497E-BC90-DC24759602D3}.Release|x64.Build.0 = Release|Any CPU
		{26490633-F4B2-497E-BC90-DC24759602D3}.Release|x86.ActiveCfg = Release|Any CPU
		{26490633-F4B2-497E-BC90-DC24759602D3}.Release|x86.Build.0 = Release|Any CPU
		{CAD7CF9B-2623-43D3-9900-2FD273B04417}.Debug|Any CPU.ActiveCfg = Debug|Any CPU
		{CAD7CF9B-2623-43D3-9900-2FD273B04417}.Debug|Any CPU.Build.0 = Debug|Any CPU
		{CAD7CF9B-2623-43D3-9900-2FD273B04417}.Debug|x64.ActiveCfg = Debug|Any CPU
		{CAD7CF9B-2623-43D3-9900-2FD273B04417}.Debug|x64.Build.0 = Debug|Any CPU
		{CAD7CF9B-2623-43D3-9900-2FD273B04417}.Debug|x86.ActiveCfg = Debug|Any CPU
		{CAD7CF9B-2623-43D3-9900-2FD273B04417}.Debug|x86.Build.0 = Debug|Any CPU
		{CAD7CF9B-2623-43D3-9900-2FD273B04417}.Release|Any CPU.ActiveCfg = Release|Any CPU
		{CAD7CF9B-2623-43D3-9900-2FD273B04417}.Release|Any CPU.Build.0 = Release|Any CPU
		{CAD7CF9B-2623-43D3-9900-2FD273B04417}.Release|x64.ActiveCfg = Release|Any CPU
		{CAD7CF9B-2623-43D3-9900-2FD273B04417}.Release|x64.Build.0 = Release|Any CPU
		{CAD7CF9B-2623-43D3-9900-2FD273B04417}.Release|x86.ActiveCfg = Release|Any CPU
		{CAD7CF9B-2623-43D3-9900-2FD273B04417}.Release|x86.Build.0 = Release|Any CPU
		{C4B14276-E1CD-4097-BBB0-C28E3C85CD61}.Debug|Any CPU.ActiveCfg = Debug|Any CPU
		{C4B14276-E1CD-4097-BBB0-C28E3C85CD61}.Debug|Any CPU.Build.0 = Debug|Any CPU
		{C4B14276-E1CD-4097-BBB0-C28E3C85CD61}.Debug|x64.ActiveCfg = Debug|Any CPU
		{C4B14276-E1CD-4097-BBB0-C28E3C85CD61}.Debug|x64.Build.0 = Debug|Any CPU
		{C4B14276-E1CD-4097-BBB0-C28E3C85CD61}.Debug|x86.ActiveCfg = Debug|Any CPU
		{C4B14276-E1CD-4097-BBB0-C28E3C85CD61}.Debug|x86.Build.0 = Debug|Any CPU
		{C4B14276-E1CD-4097-BBB0-C28E3C85CD61}.Release|Any CPU.ActiveCfg = Release|Any CPU
		{C4B14276-E1CD-4097-BBB0-C28E3C85CD61}.Release|Any CPU.Build.0 = Release|Any CPU
		{C4B14276-E1CD-4097-BBB0-C28E3C85CD61}.Release|x64.ActiveCfg = Release|Any CPU
		{C4B14276-E1CD-4097-BBB0-C28E3C85CD61}.Release|x64.Build.0 = Release|Any CPU
		{C4B14276-E1CD-4097-BBB0-C28E3C85CD61}.Release|x86.ActiveCfg = Release|Any CPU
		{C4B14276-E1CD-4097-BBB0-C28E3C85CD61}.Release|x86.Build.0 = Release|Any CPU
		{D3FDE3CB-6020-4B8F-A757-A66733951309}.Debug|Any CPU.ActiveCfg = Debug|Any CPU
		{D3FDE3CB-6020-4B8F-A757-A66733951309}.Debug|Any CPU.Build.0 = Debug|Any CPU
		{D3FDE3CB-6020-4B8F-A757-A66733951309}.Debug|x64.ActiveCfg = Debug|Any CPU
		{D3FDE3CB-6020-4B8F-A757-A66733951309}.Debug|x64.Build.0 = Debug|Any CPU
		{D3FDE3CB-6020-4B8F-A757-A66733951309}.Debug|x86.ActiveCfg = Debug|Any CPU
		{D3FDE3CB-6020-4B8F-A757-A66733951309}.Debug|x86.Build.0 = Debug|Any CPU
		{D3FDE3CB-6020-4B8F-A757-A66733951309}.Release|Any CPU.ActiveCfg = Release|Any CPU
		{D3FDE3CB-6020-4B8F-A757-A66733951309}.Release|Any CPU.Build.0 = Release|Any CPU
		{D3FDE3CB-6020-4B8F-A757-A66733951309}.Release|x64.ActiveCfg = Release|Any CPU
		{D3FDE3CB-6020-4B8F-A757-A66733951309}.Release|x64.Build.0 = Release|Any CPU
		{D3FDE3CB-6020-4B8F-A757-A66733951309}.Release|x86.ActiveCfg = Release|Any CPU
		{D3FDE3CB-6020-4B8F-A757-A66733951309}.Release|x86.Build.0 = Release|Any CPU
	EndGlobalSection
EndGlobal
